
Microsoft Visual Studio Solution File, Format Version 12.00
# Visual Studio Version 17
VisualStudioVersion = 17.12.35527.113 d17.12
MinimumVisualStudioVersion = 10.0.40219.1
Project("{FAE04EC0-301F-11D3-BF4B-00C04F79EFBC}") = "ClassDemoMusicLib", "ClassDemoMusicLib\ClassDemoMusicLib.csproj", "{2A600794-1504-4648-A18E-9923FCE08815}"
EndProject
Global
	GlobalSection(SolutionConfigurationPlatforms) = preSolution
		Debug|Any CPU = Debug|Any CPU
		Release|Any CPU = Release|Any CPU
	EndGlobalSection
	GlobalSection(ProjectConfigurationPlatforms) = postSolution
		{2A600794-1504-4648-A18E-9923FCE08815}.Debug|Any CPU.ActiveCfg = Debug|Any CPU
		{2A600794-1504-4648-A18E-9923FCE08815}.Debug|Any CPU.Build.0 = Debug|Any CPU
		{2A600794-1504-4648-A18E-9923FCE08815}.Release|Any CPU.ActiveCfg = Release|Any CPU
		{2A600794-1504-4648-A18E-9923FCE08815}.Release|Any CPU.Build.0 = Release|Any CPU
	EndGlobalSection
	GlobalSection(SolutionProperties) = preSolution
		HideSolutionNode = FALSE
	EndGlobalSection
EndGlobal
